// !$*UTF8*$!
{
	archiveVersion = 1;
	classes = {
	};
	objectVersion = 46;
	objects = {

/* Begin PBXBuildFile section */
		799C0EC31F72B73100BDB009 /* AppDelegate.swift in Sources */ = {isa = PBXBuildFile; fileRef = 799C0EC21F72B73100BDB009 /* AppDelegate.swift */; };
		799C0EC51F72B73100BDB009 /* GoalsVC.swift in Sources */ = {isa = PBXBuildFile; fileRef = 799C0EC41F72B73100BDB009 /* GoalsVC.swift */; };
		799C0EC81F72B73100BDB009 /* Main.storyboard in Resources */ = {isa = PBXBuildFile; fileRef = 799C0EC61F72B73100BDB009 /* Main.storyboard */; };
		799C0ECB1F72B73200BDB009 /* GoalsList.xcdatamodeld in Sources */ = {isa = PBXBuildFile; fileRef = 799C0EC91F72B73200BDB009 /* GoalsList.xcdatamodeld */; };
		799C0ECD1F72B73200BDB009 /* Assets.xcassets in Resources */ = {isa = PBXBuildFile; fileRef = 799C0ECC1F72B73200BDB009 /* Assets.xcassets */; };
		799C0ED01F72B73200BDB009 /* LaunchScreen.storyboard in Resources */ = {isa = PBXBuildFile; fileRef = 799C0ECE1F72B73200BDB009 /* LaunchScreen.storyboard */; };
		799C0ED91F72B85900BDB009 /* UIViewController+Extension.swift in Sources */ = {isa = PBXBuildFile; fileRef = 799C0ED81F72B85900BDB009 /* UIViewController+Extension.swift */; };
		79D4AAF01F72CBBC00FF1CBB /* GoalCell.swift in Sources */ = {isa = PBXBuildFile; fileRef = 79D4AAEF1F72CBBC00FF1CBB /* GoalCell.swift */; };
		79D4AAF21F72DFAA00FF1CBB /* GoalType.swift in Sources */ = {isa = PBXBuildFile; fileRef = 79D4AAF11F72DFAA00FF1CBB /* GoalType.swift */; };
/* End PBXBuildFile section */

/* Begin PBXFileReference section */
		799C0EBF1F72B73100BDB009 /* GoalsList.app */ = {isa = PBXFileReference; explicitFileType = wrapper.application; includeInIndex = 0; path = GoalsList.app; sourceTree = BUILT_PRODUCTS_DIR; };
		799C0EC21F72B73100BDB009 /* AppDelegate.swift */ = {isa = PBXFileReference; lastKnownFileType = sourcecode.swift; path = AppDelegate.swift; sourceTree = "<group>"; };
		799C0EC41F72B73100BDB009 /* GoalsVC.swift */ = {isa = PBXFileReference; lastKnownFileType = sourcecode.swift; path = GoalsVC.swift; sourceTree = "<group>"; };
		799C0EC71F72B73100BDB009 /* Base */ = {isa = PBXFileReference; lastKnownFileType = file.storyboard; name = Base; path = Base.lproj/Main.storyboard; sourceTree = "<group>"; };
		799C0ECA1F72B73200BDB009 /* GoalsList.xcdatamodel */ = {isa = PBXFileReference; lastKnownFileType = wrapper.xcdatamodel; path = GoalsList.xcdatamodel; sourceTree = "<group>"; };
		799C0ECC1F72B73200BDB009 /* Assets.xcassets */ = {isa = PBXFileReference; lastKnownFileType = folder.assetcatalog; path = Assets.xcassets; sourceTree = "<group>"; };
		799C0ECF1F72B73200BDB009 /* Base */ = {isa = PBXFileReference; lastKnownFileType = file.storyboard; name = Base; path = Base.lproj/LaunchScreen.storyboard; sourceTree = "<group>"; };
		799C0ED11F72B73200BDB009 /* Info.plist */ = {isa = PBXFileReference; lastKnownFileType = text.plist.xml; path = Info.plist; sourceTree = "<group>"; };
		799C0ED81F72B85900BDB009 /* UIViewController+Extension.swift */ = {isa = PBXFileReference; fileEncoding = 4; lastKnownFileType = sourcecode.swift; name = "UIViewController+Extension.swift"; path = "Extensions/UIViewController+Extension.swift"; sourceTree = "<group>"; };
		79D4AAEF1F72CBBC00FF1CBB /* GoalCell.swift */ = {isa = PBXFileReference; fileEncoding = 4; lastKnownFileType = sourcecode.swift; name = GoalCell.swift; path = View/GoalCell.swift; sourceTree = "<group>"; };
		79D4AAF11F72DFAA00FF1CBB /* GoalType.swift */ = {isa = PBXFileReference; fileEncoding = 4; lastKnownFileType = sourcecode.swift; name = GoalType.swift; path = Enums/GoalType.swift; sourceTree = "<group>"; };
/* End PBXFileReference section */

/* Begin PBXFrameworksBuildPhase section */
		799C0EBC1F72B72F00BDB009 /* Frameworks */ = {
			isa = PBXFrameworksBuildPhase;
			buildActionMask = 2147483647;
			files = (
			);
			runOnlyForDeploymentPostprocessing = 0;
		};
/* End PBXFrameworksBuildPhase section */

/* Begin PBXGroup section */
		799C0EB61F72B72F00BDB009 = {
			isa = PBXGroup;
			children = (
				799C0EC11F72B73100BDB009 /* GoalsList */,
				799C0EC01F72B73100BDB009 /* Products */,
			);
			sourceTree = "<group>";
		};
		799C0EC01F72B73100BDB009 /* Products */ = {
			isa = PBXGroup;
			children = (
				799C0EBF1F72B73100BDB009 /* GoalsList.app */,
			);
			name = Products;
			sourceTree = "<group>";
		};
		799C0EC11F72B73100BDB009 /* GoalsList */ = {
			isa = PBXGroup;
			children = (
				799C0ED71F72B82A00BDB009 /* Extensions */,
				799C0EDC1F72BC5000BDB009 /* Enums */,
				799C0EDB1F72BC1800BDB009 /* View */,
				799C0EDA1F72BBF800BDB009 /* Controller */,
				799C0EC21F72B73100BDB009 /* AppDelegate.swift */,
				799C0EC61F72B73100BDB009 /* Main.storyboard */,
				799C0ECC1F72B73200BDB009 /* Assets.xcassets */,
				799C0ECE1F72B73200BDB009 /* LaunchScreen.storyboard */,
				799C0ED11F72B73200BDB009 /* Info.plist */,
				799C0EC91F72B73200BDB009 /* GoalsList.xcdatamodeld */,
			);
			path = GoalsList;
			sourceTree = "<group>";
		};
		799C0ED71F72B82A00BDB009 /* Extensions */ = {
			isa = PBXGroup;
			children = (
				799C0ED81F72B85900BDB009 /* UIViewController+Extension.swift */,
			);
			name = Extensions;
			sourceTree = "<group>";
		};
		799C0EDA1F72BBF800BDB009 /* Controller */ = {
			isa = PBXGroup;
			children = (
				799C0EC41F72B73100BDB009 /* GoalsVC.swift */,
			);
			name = Controller;
			sourceTree = "<group>";
		};
		799C0EDB1F72BC1800BDB009 /* View */ = {
			isa = PBXGroup;
			children = (
				79D4AAEF1F72CBBC00FF1CBB /* GoalCell.swift */,
			);
			name = View;
			sourceTree = "<group>";
		};
		799C0EDC1F72BC5000BDB009 /* Enums */ = {
			isa = PBXGroup;
			children = (
				79D4AAF11F72DFAA00FF1CBB /* GoalType.swift */,
			);
			name = Enums;
			sourceTree = "<group>";
		};
/* End PBXGroup section */

/* Begin PBXNativeTarget section */
		799C0EBE1F72B72F00BDB009 /* GoalsList */ = {
			isa = PBXNativeTarget;
			buildConfigurationList = 799C0ED41F72B73200BDB009 /* Build configuration list for PBXNativeTarget "GoalsList" */;
			buildPhases = (
				799C0EBB1F72B72F00BDB009 /* Sources */,
				799C0EBC1F72B72F00BDB009 /* Frameworks */,
				799C0EBD1F72B72F00BDB009 /* Resources */,
			);
			buildRules = (
			);
			dependencies = (
			);
			name = GoalsList;
			productName = GoalsList;
			productReference = 799C0EBF1F72B73100BDB009 /* GoalsList.app */;
			productType = "com.apple.product-type.application";
		};
/* End PBXNativeTarget section */

/* Begin PBXProject section */
		799C0EB71F72B72F00BDB009 /* Project object */ = {
			isa = PBXProject;
			attributes = {
				LastSwiftUpdateCheck = 0820;
				LastUpgradeCheck = 0820;
				ORGANIZATIONNAME = PatataMatata;
				TargetAttributes = {
					799C0EBE1F72B72F00BDB009 = {
						CreatedOnToolsVersion = 8.2.1;
						DevelopmentTeam = JPTEFF2RW3;
						ProvisioningStyle = Automatic;
					};
				};
			};
			buildConfigurationList = 799C0EBA1F72B72F00BDB009 /* Build configuration list for PBXProject "GoalsList" */;
			compatibilityVersion = "Xcode 3.2";
			developmentRegion = English;
			hasScannedForEncodings = 0;
			knownRegions = (
				en,
				Base,
			);
			mainGroup = 799C0EB61F72B72F00BDB009;
			productRefGroup = 799C0EC01F72B73100BDB009 /* Products */;
			projectDirPath = "";
			projectRoot = "";
			targets = (
				799C0EBE1F72B72F00BDB009 /* GoalsList */,
			);
		};
/* End PBXProject section */

/* Begin PBXResourcesBuildPhase section */
		799C0EBD1F72B72F00BDB009 /* Resources */ = {
			isa = PBXResourcesBuildPhase;
			buildActionMask = 2147483647;
			files = (
				799C0ED01F72B73200BDB009 /* LaunchScreen.storyboard in Resources */,
				799C0ECD1F72B73200BDB009 /* Assets.xcassets in Resources */,
				799C0EC81F72B73100BDB009 /* Main.storyboard in Resources */,
			);
			runOnlyForDeploymentPostprocessing = 0;
		};
/* End PBXResourcesBuildPhase section */

/* Begin PBXSourcesBuildPhase section */
		799C0EBB1F72B72F00BDB009 /* Sources */ = {
			isa = PBXSourcesBuildPhase;
			buildActionMask = 2147483647;
			files = (
				799C0ED91F72B85900BDB009 /* UIViewController+Extension.swift in Sources */,
				799C0EC51F72B73100BDB009 /* GoalsVC.swift in Sources */,
				79D4AAF21F72DFAA00FF1CBB /* GoalType.swift in Sources */,
				799C0EC31F72B73100BDB009 /* AppDelegate.swift in Sources */,
				79D4AAF01F72CBBC00FF1CBB /* GoalCell.swift in Sources */,
				799C0ECB1F72B73200BDB009 /* GoalsList.xcdatamodeld in Sources */,
			);
			runOnlyForDeploymentPostprocessing = 0;
		};
/* End PBXSourcesBuildPhase section */

/* Begin PBXVariantGroup section */
		799C0EC61F72B73100BDB009 /* Main.storyboard */ = {
			isa = PBXVariantGroup;
			children = (
				799C0EC71F72B73100BDB009 /* Base */,
			);
			name = Main.storyboard;
			sourceTree = "<group>";
		};
		799C0ECE1F72B73200BDB009 /* LaunchScreen.storyboard */ = {
			isa = PBXVariantGroup;
			children = (
				799C0ECF1F72B73200BDB009 /* Base */,
			);
			name = LaunchScreen.storyboard;
			sourceTree = "<group>";
		};
/* End PBXVariantGroup section */

/* Begin XCBuildConfiguration section */
		799C0ED21F72B73200BDB009 /* Debug */ = {
			isa = XCBuildConfiguration;
			buildSettings = {
				ALWAYS_SEARCH_USER_PATHS = NO;
				CLANG_ANALYZER_NONNULL = YES;
				CLANG_CXX_LANGUAGE_STANDARD = "gnu++0x";
				CLANG_CXX_LIBRARY = "libc++";
				CLANG_ENABLE_MODULES = YES;
				CLANG_ENABLE_OBJC_ARC = YES;
				CLANG_WARN_BOOL_CONVERSION = YES;
				CLANG_WARN_CONSTANT_CONVERSION = YES;
				CLANG_WARN_DIRECT_OBJC_ISA_USAGE = YES_ERROR;
				CLANG_WARN_DOCUMENTATION_COMMENTS = YES;
				CLANG_WARN_EMPTY_BODY = YES;
				CLANG_WARN_ENUM_CONVERSION = YES;
				CLANG_WARN_INFINITE_RECURSION = YES;
				CLANG_WARN_INT_CONVERSION = YES;
				CLANG_WARN_OBJC_ROOT_CLASS = YES_ERROR;
				CLANG_WARN_SUSPICIOUS_MOVE = YES;
				CLANG_WARN_UNREACHABLE_CODE = YES;
				CLANG_WARN__DUPLICATE_METHOD_MATCH = YES;
				"CODE_SIGN_IDENTITY[sdk=iphoneos*]" = "iPhone Developer";
				COPY_PHASE_STRIP = NO;
				DEBUG_INFORMATION_FORMAT = dwarf;
				ENABLE_STRICT_OBJC_MSGSEND = YES;
				ENABLE_TESTABILITY = YES;
				GCC_C_LANGUAGE_STANDARD = gnu99;
				GCC_DYNAMIC_NO_PIC = NO;
				GCC_NO_COMMON_BLOCKS = YES;
				GCC_OPTIMIZATION_LEVEL = 0;
				GCC_PREPROCESSOR_DEFINITIONS = (
					"DEBUG=1",
					"$(inherited)",
				);
				GCC_WARN_64_TO_32_BIT_CONVERSION = YES;
				GCC_WARN_ABOUT_RETURN_TYPE = YES_ERROR;
				GCC_WARN_UNDECLARED_SELECTOR = YES;
				GCC_WARN_UNINITIALIZED_AUTOS = YES_AGGRESSIVE;
				GCC_WARN_UNUSED_FUNCTION = YES;
				GCC_WARN_UNUSED_VARIABLE = YES;
				IPHONEOS_DEPLOYMENT_TARGET = 10.2;
				MTL_ENABLE_DEBUG_INFO = YES;
				ONLY_ACTIVE_ARCH = YES;
				SDKROOT = iphoneos;
				SWIFT_ACTIVE_COMPILATION_CONDITIONS = DEBUG;
				SWIFT_OPTIMIZATION_LEVEL = "-Onone";
			};
			name = Debug;
		};
		799C0ED31F72B73200BDB009 /* Release */ = {
			isa = XCBuildConfiguration;
			buildSettings = {
				ALWAYS_SEARCH_USER_PATHS = NO;
				CLANG_ANALYZER_NONNULL = YES;
				CLANG_CXX_LANGUAGE_STANDARD = "gnu++0x";
				CLANG_CXX_LIBRARY = "libc++";
				CLANG_ENABLE_MODULES = YES;
				CLANG_ENABLE_OBJC_ARC = YES;
				CLANG_WARN_BOOL_CONVERSION = YES;
				CLANG_WARN_CONSTANT_CONVERSION = YES;
				CLANG_WARN_DIRECT_OBJC_ISA_USAGE = YES_ERROR;
				CLANG_WARN_DOCUMENTATION_COMMENTS = YES;
				CLANG_WARN_EMPTY_BODY = YES;
				CLANG_WARN_ENUM_CONVERSION = YES;
				CLANG_WARN_INFINITE_RECURSION = YES;
				CLANG_WARN_INT_CONVERSION = YES;
				CLANG_WARN_OBJC_ROOT_CLASS = YES_ERROR;
				CLANG_WARN_SUSPICIOUS_MOVE = YES;
				CLANG_WARN_UNREACHABLE_CODE = YES;
				CLANG_WARN__DUPLICATE_METHOD_MATCH = YES;
				"CODE_SIGN_IDENTITY[sdk=iphoneos*]" = "iPhone Developer";
				COPY_PHASE_STRIP = NO;
				DEBUG_INFORMATION_FORMAT = "dwarf-with-dsym";
				ENABLE_NS_ASSERTIONS = NO;
				ENABLE_STRICT_OBJC_MSGSEND = YES;
				GCC_C_LANGUAGE_STANDARD = gnu99;
				GCC_NO_COMMON_BLOCKS = YES;
				GCC_WARN_64_TO_32_BIT_CONVERSION = YES;
				GCC_WARN_ABOUT_RETURN_TYPE = YES_ERROR;
				GCC_WARN_UNDECLARED_SELECTOR = YES;
				GCC_WARN_UNINITIALIZED_AUTOS = YES_AGGRESSIVE;
				GCC_WARN_UNUSED_FUNCTION = YES;
				GCC_WARN_UNUSED_VARIABLE = YES;
				IPHONEOS_DEPLOYMENT_TARGET = 10.2;
				MTL_ENABLE_DEBUG_INFO = NO;
				SDKROOT = iphoneos;
				SWIFT_OPTIMIZATION_LEVEL = "-Owholemodule";
				VALIDATE_PRODUCT = YES;
			};
			name = Release;
		};
		799C0ED51F72B73200BDB009 /* Debug */ = {
			isa = XCBuildConfiguration;
			buildSettings = {
				ASSETCATALOG_COMPILER_APPICON_NAME = AppIcon;
				DEVELOPMENT_TEAM = JPTEFF2RW3;
				INFOPLIST_FILE = GoalsList/Info.plist;
				LD_RUNPATH_SEARCH_PATHS = "$(inherited) @executable_path/Frameworks";
				PRODUCT_BUNDLE_IDENTIFIER = "com.Patata-Matata.GoalsList";
				PRODUCT_NAME = "$(TARGET_NAME)";
				SWIFT_VERSION = 3.0;
			};
			name = Debug;
		};
		799C0ED61F72B73200BDB009 /* Release */ = {
			isa = XCBuildConfiguration;
			buildSettings = {
				ASSETCATALOG_COMPILER_APPICON_NAME = AppIcon;
				DEVELOPMENT_TEAM = JPTEFF2RW3;
				INFOPLIST_FILE = GoalsList/Info.plist;
				LD_RUNPATH_SEARCH_PATHS = "$(inherited) @executable_path/Frameworks";
				PRODUCT_BUNDLE_IDENTIFIER = "com.Patata-Matata.GoalsList";
				PRODUCT_NAME = "$(TARGET_NAME)";
				SWIFT_VERSION = 3.0;
			};
			name = Release;
		};
/* End XCBuildConfiguration section */

/* Begin XCConfigurationList section */
		799C0EBA1F72B72F00BDB009 /* Build configuration list for PBXProject "GoalsList" */ = {
			isa = XCConfigurationList;
			buildConfigurations = (
				799C0ED21F72B73200BDB009 /* Debug */,
				799C0ED31F72B73200BDB009 /* Release */,
			);
			defaultConfigurationIsVisible = 0;
			defaultConfigurationName = Release;
		};
		799C0ED41F72B73200BDB009 /* Build configuration list for PBXNativeTarget "GoalsList" */ = {
			isa = XCConfigurationList;
			buildConfigurations = (
				799C0ED51F72B73200BDB009 /* Debug */,
				799C0ED61F72B73200BDB009 /* Release */,
			);
			defaultConfigurationIsVisible = 0;
			defaultConfigurationName = Release;
		};
/* End XCConfigurationList section */

/* Begin XCVersionGroup section */
		799C0EC91F72B73200BDB009 /* GoalsList.xcdatamodeld */ = {
			isa = XCVersionGroup;
			children = (
				799C0ECA1F72B73200BDB009 /* GoalsList.xcdatamodel */,
			);
			currentVersion = 799C0ECA1F72B73200BDB009 /* GoalsList.xcdatamodel */;
			path = GoalsList.xcdatamodeld;
			sourceTree = "<group>";
			versionGroupType = wrapper.xcdatamodel;
		};
/* End XCVersionGroup section */
	};
	rootObject = 799C0EB71F72B72F00BDB009 /* Project object */;
}
